
Microsoft Visual Studio Solution File, Format Version 12.00
# Visual Studio Version 17
VisualStudioVersion = 17.5.33502.453
MinimumVisualStudioVersion = 10.0.40219.1
Project("{FAE04EC0-301F-11D3-BF4B-00C04F79EFBC}") = "NZWalk.API", "NZWalk.API\NZWalk.API.csproj", "{09E4E79A-C9A8-4F30-A4C6-60F8BFBE84AB}"
EndProject
Global
	GlobalSection(SolutionConfigurationPlatforms) = preSolution
		Debug|Any CPU = Debug|Any CPU
		Release|Any CPU = Release|Any CPU
	EndGlobalSection
	GlobalSection(ProjectConfigurationPlatforms) = postSolution
		{09E4E79A-C9A8-4F30-A4C6-60F8BFBE84AB}.Debug|Any CPU.ActiveCfg = Debug|Any CPU
		{09E4E79A-C9A8-4F30-A4C6-60F8BFBE84AB}.Debug|Any CPU.Build.0 = Debug|Any CPU
		{09E4E79A-C9A8-4F30-A4C6-60F8BFBE84AB}.Release|Any CPU.ActiveCfg = Release|Any CPU
		{09E4E79A-C9A8-4F30-A4C6-60F8BFBE84AB}.Release|Any CPU.Build.0 = Release|Any CPU
	EndGlobalSection
	GlobalSection(SolutionProperties) = preSolution
		HideSolutionNode = FALSE
	EndGlobalSection
	GlobalSection(ExtensibilityGlobals) = postSolution
		SolutionGuid = {D8E6FDB4-BB8B-455F-AADB-B915C8DC08F1}
	EndGlobalSection
EndGlobal
